{
  "lockfileVersion": 2,
  "configVersion": 1,
  "workspaces": {
    "": {
      "name": "opencode-novaspace",
      "dependencies": {
        "@opentui/core": "0.5.8",
        "@opentui/keymap": "0.5.8",
        "@opentui/solid": "0.5.8",
        "solid-js": "1.9.15",
      },
      "devDependencies": {
        "@types/bun": "^1.3.0",
        "typescript": "^5.8.2",
      },
    },
  },
  "packages": {
    "@ampproject/remapping": ["@ampproject/remapping@2.3.0", "https://ms-feed-25.pkgs.visualstudio.com/1es-public/_packaging/npm-public/npm/registry/@ampproject/remapping/-/remapping-2.3.0.tgz", { "dependencies": { "@jridgewell/gen-mapping": "^0.3.5", "@jridgewell/trace-mapping": "^0.3.24" } }, "sha1-7UQbb6YAByUgzhi0PSyMyMrsx/Q="],

    "@babel/code-frame": ["@babel/code-frame@7.29.7", "https://ms-feed-25.pkgs.visualstudio.com/1es-public/_packaging/npm-public/npm/registry/@babel/code-frame/-/code-frame-7.29.7.tgz", { "dependencies": { "@babel/helper-validator-identifier": "^7.29.7", "js-tokens": "^4.0.0", "picocolors": "^1.1.1" } }, "sha1-8vu/6ofESiFZDsUVt3iywm2IZuc="],

    "@babel/compat-data": ["@babel/compat-data@7.29.7", "https://ms-feed-25.pkgs.visualstudio.com/1es-public/_packaging/npm-public/npm/registry/@babel/compat-data/-/compat-data-7.29.7.tgz", {}, "sha1-bwI38PNtLlHAVwpjb67Z0tDv5ik="],

    "@babel/core": ["@babel/core@7.28.0", "https://ms-feed-2.pkgs.visualstudio.com/1es-public/_packaging/npm-public/npm/registry/@babel/core/-/core-7.28.0.tgz", { "dependencies": { "@ampproject/remapping": "^2.2.0", "@babel/code-frame": "^7.27.1", "@babel/generator": "^7.28.0", "@babel/helper-compilation-targets": "^7.27.2", "@babel/helper-module-transforms": "^7.27.3", "@babel/helpers": "^7.27.6", "@babel/parser": "^7.28.0", "@babel/template": "^7.27.2", "@babel/traverse": "^7.28.0", "@babel/types": "^7.28.0", "convert-source-map": "^2.0.0", "debug": "^4.1.0", "gensync": "^1.0.0-beta.2", "json5": "^2.2.3", "semver": "^6.3.1" } }, "sha1-VdrYCNW/NEWhCO78iOo/3wNHSaQ="],

    "@babel/generator": ["@babel/generator@7.29.8", "https://ms-feed-25.pkgs.visualstudio.com/1es-public/_packaging/npm-public/npm/registry/@babel/generator/-/generator-7.29.8.tgz", { "dependencies": { "@babel/parser": "^7.29.8", "@babel/types": "^7.29.8", "@jridgewell/gen-mapping": "^0.3.12", "@jridgewell/trace-mapping": "^0.3.28", "jsesc": "^3.0.2" } }, "sha1-SwuIeIVCJkMzngkCIUikxOuqSXk="],

    "@babel/helper-annotate-as-pure": ["@babel/helper-annotate-as-pure@7.29.7", "https://ms-feed-25.pkgs.visualstudio.com/1es-public/_packaging/npm-public/npm/registry/@babel/helper-annotate-as-pure/-/helper-annotate-as-pure-7.29.7.tgz", { "dependencies": { "@babel/types": "^7.29.7" } }, "sha1-xw/jxuy9w/0t0bD0mEKLiLgs5H8="],

    "@babel/helper-compilation-targets": ["@babel/helper-compilation-targets@7.29.7", "https://ms-feed-25.pkgs.visualstudio.com/1es-public/_packaging/npm-public/npm/registry/@babel/helper-compilation-targets/-/helper-compilation-targets-7.29.7.tgz", { "dependencies": { "@babel/compat-data": "^7.29.7", "@babel/helper-validator-option": "^7.29.7", "browserslist": "^4.24.0", "lru-cache": "^5.1.1", "semver": "^6.3.1" } }, "sha1-eh3vcEMCQBxH9k+oVYnpdK4hcEI="],

    "@babel/helper-create-class-features-plugin": ["@babel/helper-create-class-features-plugin@7.29.7", "https://ms-feed-25.pkgs.visualstudio.com/1es-public/_packaging/npm-public/npm/registry/@babel/helper-create-class-features-plugin/-/helper-create-class-features-plugin-7.29.7.tgz", { "dependencies": { "@babel/helper-annotate-as-pure": "^7.29.7", "@babel/helper-member-expression-to-functions": "^7.29.7", "@babel/helper-optimise-call-expression": "^7.29.7", "@babel/helper-replace-supers": "^7.29.7", "@babel/helper-skip-transparent-expression-wrappers": "^7.29.7", "@babel/traverse": "^7.29.7", "semver": "^6.3.1" }, "peerDependencies": { "@babel/core": "^7.0.0" } }, "sha1-bt3yhvLsQY90DJHWCoM0fFWDjd0="],

    "@babel/helper-globals": ["@babel/helper-globals@7.29.7", "https://ms-feed-25.pkgs.visualstudio.com/1es-public/_packaging/npm-public/npm/registry/@babel/helper-globals/-/helper-globals-7.29.7.tgz", {}, "sha1-8EqW+9hHMkGxB5JD9bPwOjAQq3s="],

    "@babel/helper-member-expression-to-functions": ["@babel/helper-member-expression-to-functions@7.29.7", "https://ms-feed-25.pkgs.visualstudio.com/1es-public/_packaging/npm-public/npm/registry/@babel/helper-member-expression-to-functions/-/helper-member-expression-to-functions-7.29.7.tgz", { "dependencies": { "@babel/traverse": "^7.29.7", "@babel/types": "^7.29.7" } }, "sha1-jb2zzgtcSH4a7BDhPJpDpQCBTfg="],

    "@babel/helper-module-imports": ["@babel/helper-module-imports@7.29.7", "https://ms-feed-25.pkgs.visualstudio.com/1es-public/_packaging/npm-public/npm/registry/@babel/helper-module-imports/-/helper-module-imports-7.29.7.tgz", { "dependencies": { "@babel/traverse": "^7.29.7", "@babel/types": "^7.29.7" } }, "sha1-7yUEilGOgo1zk/rFiC3dc5Idc5Y="],

    "@babel/helper-module-transforms": ["@babel/helper-module-transforms@7.29.7", "https://ms-feed-25.pkgs.visualstudio.com/1es-public/_packaging/npm-public/npm/registry/@babel/helper-module-transforms/-/helper-module-transforms-7.29.7.tgz", { "dependencies": { "@babel/helper-module-imports": "^7.29.7", "@babel/helper-validator-identifier": "^7.29.7", "@babel/traverse": "^7.29.7" }, "peerDependencies": { "@babel/core": "^7.0.0" } }, "sha1-sGJ0elmXuhOGNyATKLv/d5YFdK4="],

    "@babel/helper-optimise-call-expression": ["@babel/helper-optimise-call-expression@7.29.7", "https://ms-feed-25.pkgs.visualstudio.com/1es-public/_packaging/npm-public/npm/registry/@babel/helper-optimise-call-expression/-/helper-optimise-call-expression-7.29.7.tgz", { "dependencies": { "@babel/types": "^7.29.7" } }, "sha1-d7C1uU8Zl/qdbjEl9EUiex+vnYU="],

    "@babel/helper-plugin-utils": ["@babel/helper-plugin-utils@7.29.7", "https://ms-feed-25.pkgs.visualstudio.com/1es-public/_packaging/npm-public/npm/registry/@babel/helper-plugin-utils/-/helper-plugin-utils-7.29.7.tgz", {}, "sha1-wKB2bxoTYX2KF0B9erj51IYiXqQ="],

    "@babel/helper-replace-supers": ["@babel/helper-replace-supers@7.29.7", "https://ms-feed-25.pkgs.visualstudio.com/1es-public/_packaging/npm-public/npm/registry/@babel/helper-replace-supers/-/helper-replace-supers-7.29.7.tgz", { "dependencies": { "@babel/helper-member-expression-to-functions": "^7.29.7", "@babel/helper-optimise-call-expression": "^7.29.7", "@babel/traverse": "^7.29.7" }, "peerDependencies": { "@babel/core": "^7.0.0" } }, "sha1-vDw5ZDKQQ8eREuUTwbGY8WWJrCE="],

    "@babel/helper-skip-transparent-expression-wrappers": ["@babel/helper-skip-transparent-expression-wrappers@7.29.7", "https://ms-feed-25.pkgs.visualstudio.com/1es-public/_packaging/npm-public/npm/registry/@babel/helper-skip-transparent-expression-wrappers/-/helper-skip-transparent-expression-wrappers-7.29.7.tgz", { "dependencies": { "@babel/traverse": "^7.29.7", "@babel/types": "^7.29.7" } }, "sha1-UMlcfkxPVJNs+gEWQo7cVZhi1VE="],

    "@babel/helper-string-parser": ["@babel/helper-string-parser@7.29.7", "https://ms-feed-25.pkgs.visualstudio.com/1es-public/_packaging/npm-public/npm/registry/@babel/helper-string-parser/-/helper-string-parser-7.29.7.tgz", {}, "sha1-fwhx2Zgk0jE31g+G/PYTD9WhtR8="],

    "@babel/helper-validator-identifier": ["@babel/helper-validator-identifier@7.29.7", "https://ms-feed-25.pkgs.visualstudio.com/1es-public/_packaging/npm-public/npm/registry/@babel/helper-validator-identifier/-/helper-validator-identifier-7.29.7.tgz", {}, "sha1-vYcITO0MeW7Ea9pJLeboPSnon8I="],

    "@babel/helper-validator-option": ["@babel/helper-validator-option@7.29.7", "https://ms-feed-25.pkgs.visualstudio.com/1es-public/_packaging/npm-public/npm/registry/@babel/helper-validator-option/-/helper-validator-option-7.29.7.tgz", {}, "sha1-zzFb6UAhOzVOtKvMC9Aevj9zvCo="],

    "@babel/helpers": ["@babel/helpers@7.29.7", "https://ms-feed-25.pkgs.visualstudio.com/1es-public/_packaging/npm-public/npm/registry/@babel/helpers/-/helpers-7.29.7.tgz", { "dependencies": { "@babel/template": "^7.29.7", "@babel/types": "^7.29.7" } }, "sha1-Rav951SJl+NDdsPmn+tHXP+0pgc="],

    "@babel/parser": ["@babel/parser@7.29.8", "https://ms-feed-25.pkgs.visualstudio.com/1es-public/_packaging/npm-public/npm/registry/@babel/parser/-/parser-7.29.8.tgz", { "dependencies": { "@babel/types": "^7.29.8" }, "bin": { "parser": "./bin/babel-parser.js" } }, "sha1-llNxai8Qxne5j7xj1L+wAMMCzxc="],

    "@babel/plugin-syntax-jsx": ["@babel/plugin-syntax-jsx@7.29.7", "https://ms-feed-25.pkgs.visualstudio.com/1es-public/_packaging/npm-public/npm/registry/@babel/plugin-syntax-jsx/-/plugin-syntax-jsx-7.29.7.tgz", { "dependencies": { "@babel/helper-plugin-utils": "^7.29.7" }, "peerDependencies": { "@babel/core": "^7.0.0-0" } }, "sha1-YiwW+a1jeC/m6D2tx+QDMHRLfx4="],

    "@babel/plugin-syntax-typescript": ["@babel/plugin-syntax-typescript@7.29.7", "https://ms-feed-25.pkgs.visualstudio.com/1es-public/_packaging/npm-public/npm/registry/@babel/plugin-syntax-typescript/-/plugin-syntax-typescript-7.29.7.tgz", { "dependencies": { "@babel/helper-plugin-utils": "^7.29.7" }, "peerDependencies": { "@babel/core": "^7.0.0-0" } }, "sha1-fCk4iTIxPtWEE6A0MEjXXZL7WyQ="],

    "@babel/plugin-transform-modules-commonjs": ["@babel/plugin-transform-modules-commonjs@7.29.7", "https://ms-feed-25.pkgs.visualstudio.com/1es-public/_packaging/npm-public/npm/registry/@babel/plugin-transform-modules-commonjs/-/plugin-transform-modules-commonjs-7.29.7.tgz", { "dependencies": { "@babel/helper-module-transforms": "^7.29.7", "@babel/helper-plugin-utils": "^7.29.7" }, "peerDependencies": { "@babel/core": "^7.0.0-0" } }, "sha1-cOaDWr8mY9r76UuO8fUd5zUe8TU="],

    "@babel/plugin-transform-typescript": ["@babel/plugin-transform-typescript@7.29.7", "https://ms-feed-25.pkgs.visualstudio.com/1es-public/_packaging/npm-public/npm/registry/@babel/plugin-transform-typescript/-/plugin-transform-typescript-7.29.7.tgz", { "dependencies": { "@babel/helper-annotate-as-pure": "^7.29.7", "@babel/helper-create-class-features-plugin": "^7.29.7", "@babel/helper-plugin-utils": "^7.29.7", "@babel/helper-skip-transparent-expression-wrappers": "^7.29.7", "@babel/plugin-syntax-typescript": "^7.29.7" }, "peerDependencies": { "@babel/core": "^7.0.0-0" } }, "sha1-8EScPfcDe74jIENHaFHDj15KdhU="],

    "@babel/preset-typescript": ["@babel/preset-typescript@7.27.1", "https://ms-feed-25.pkgs.visualstudio.com/1es-public/_packaging/npm-public/npm/registry/@babel/preset-typescript/-/preset-typescript-7.27.1.tgz", { "dependencies": { "@babel/helper-plugin-utils": "^7.27.1", "@babel/helper-validator-option": "^7.27.1", "@babel/plugin-syntax-jsx": "^7.27.1", "@babel/plugin-transform-modules-commonjs": "^7.27.1", "@babel/plugin-transform-typescript": "^7.27.1" }, "peerDependencies": { "@babel/core": "^7.0.0-0" } }, "sha1-GQdCpkKNKCMGZIpVsFKbVhSE+RI="],

    "@babel/template": ["@babel/template@7.29.7", "https://ms-feed-25.pkgs.visualstudio.com/1es-public/_packaging/npm-public/npm/registry/@babel/template/-/template-7.29.7.tgz", { "dependencies": { "@babel/code-frame": "^7.29.7", "@babel/parser": "^7.29.7", "@babel/types": "^7.29.7" } }, "sha1-TZ1ABPZFzdME3pWMclFieE7KxwA="],

    "@babel/traverse": ["@babel/traverse@7.29.8", "https://ms-feed-25.pkgs.visualstudio.com/1es-public/_packaging/npm-public/npm/registry/@babel/traverse/-/traverse-7.29.8.tgz", { "dependencies": { "@babel/code-frame": "^7.29.7", "@babel/generator": "^7.29.8", "@babel/helper-globals": "^7.29.7", "@babel/parser": "^7.29.8", "@babel/template": "^7.29.7", "@babel/types": "^7.29.8", "debug": "^4.3.1" } }, "sha1-QREBTNxxoPldlHGQdZC6oLimsoo="],

    "@babel/types": ["@babel/types@7.29.8", "https://ms-feed-25.pkgs.visualstudio.com/1es-public/_packaging/npm-public/npm/registry/@babel/types/-/types-7.29.8.tgz", { "dependencies": { "@babel/helper-string-parser": "^7.29.7", "@babel/helper-validator-identifier": "^7.29.7" } }, "sha1-Einu8x2FFW1w+j9M2Fk3bQ6vaGM="],

    "@jridgewell/gen-mapping": ["@jridgewell/gen-mapping@0.3.13", "https://ms-feed-25.pkgs.visualstudio.com/1es-public/_packaging/npm-public/npm/registry/@jridgewell/gen-mapping/-/gen-mapping-0.3.13.tgz", { "dependencies": { "@jridgewell/sourcemap-codec": "^1.5.0", "@jridgewell/trace-mapping": "^0.3.24" } }, "sha1-Y0Khn0Q0dRjJPkOxrGnes8Rlah8="],

    "@jridgewell/resolve-uri": ["@jridgewell/resolve-uri@3.1.2", "https://ms-feed-25.pkgs.visualstudio.com/1es-public/_packaging/npm-public/npm/registry/@jridgewell/resolve-uri/-/resolve-uri-3.1.2.tgz", {}, "sha1-eg7mAfYPmaIMfHxf8MgDiMEYm9Y="],

    "@jridgewell/sourcemap-codec": ["@jridgewell/sourcemap-codec@1.6.0", "https://ms-feed-25.pkgs.visualstudio.com/1es-public/_packaging/npm-public/npm/registry/@jridgewell/sourcemap-codec/-/sourcemap-codec-1.6.0.tgz", {}, "sha1-9MZj6GLwbcmMpNRThixGkCeJoY0="],

    "@jridgewell/trace-mapping": ["@jridgewell/trace-mapping@0.3.31", "https://ms-feed-25.pkgs.visualstudio.com/1es-public/_packaging/npm-public/npm/registry/@jridgewell/trace-mapping/-/trace-mapping-0.3.31.tgz", { "dependencies": { "@jridgewell/resolve-uri": "^3.1.0", "@jridgewell/sourcemap-codec": "^1.4.14" } }, "sha1-2xXWeByTHzolGj2sOVAcmKYIL9A="],

    "@opentui/core": ["@opentui/core@0.5.8", "https://ms-feed-25.pkgs.visualstudio.com/1es-public/_packaging/npm-public/npm/registry/@opentui/core/-/core-0.5.8.tgz", { "dependencies": { "bun-ffi-structs": "0.3.1", "diff": "9.0.0", "marked": "17.0.1", "string-width": "7.2.0", "strip-ansi": "7.1.2" }, "optionalDependencies": { "@opentui/core-darwin-arm64": "0.5.8", "@opentui/core-darwin-x64": "0.5.8", "@opentui/core-linux-arm64": "0.5.8", "@opentui/core-linux-arm64-musl": "0.5.8", "@opentui/core-linux-x64": "0.5.8", "@opentui/core-linux-x64-musl": "0.5.8", "@opentui/core-win32-arm64": "0.5.8", "@opentui/core-win32-x64": "0.5.8" }, "peerDependencies": { "web-tree-sitter": "0.25.10" } }, "sha1-4xqvaaJS7Tt/TvQdGXzZBNxN7JE="],

    "@opentui/core-darwin-arm64": ["@opentui/core-darwin-arm64@0.5.8", "https://ms-feed-25.pkgs.visualstudio.com/1es-public/_packaging/npm-public/npm/registry/@opentui/core-darwin-arm64/-/core-darwin-arm64-0.5.8.tgz", { "os": "darwin", "cpu": "arm64" }, "sha1-Nbq1JjvzNb6/b2OBAcMMOSGnTJw="],

    "@opentui/core-darwin-x64": ["@opentui/core-darwin-x64@0.5.8", "https://ms-feed-25.pkgs.visualstudio.com/1es-public/_packaging/npm-public/npm/registry/@opentui/core-darwin-x64/-/core-darwin-x64-0.5.8.tgz", { "os": "darwin", "cpu": "x64" }, "sha1-zxFmR+wCk+QxXaskv4oUdduMUVA="],

    "@opentui/core-linux-arm64": ["@opentui/core-linux-arm64@0.5.8", "https://ms-feed-25.pkgs.visualstudio.com/1es-public/_packaging/npm-public/npm/registry/@opentui/core-linux-arm64/-/core-linux-arm64-0.5.8.tgz", { "os": "linux", "cpu": "arm64" }, "sha1-RIbnWWA7u9K0BXJnpnn9MtCyeMM="],

    "@opentui/core-linux-arm64-musl": ["@opentui/core-linux-arm64-musl@0.5.8", "https://ms-feed-25.pkgs.visualstudio.com/1es-public/_packaging/npm-public/npm/registry/@opentui/core-linux-arm64-musl/-/core-linux-arm64-musl-0.5.8.tgz", { "os": "linux", "cpu": "arm64" }, "sha1-8GBo4L8rkdLdPYM5vMBJfe7E1YA="],

    "@opentui/core-linux-x64": ["@opentui/core-linux-x64@0.5.8", "https://ms-feed-25.pkgs.visualstudio.com/1es-public/_packaging/npm-public/npm/registry/@opentui/core-linux-x64/-/core-linux-x64-0.5.8.tgz", { "os": "linux", "cpu": "x64" }, "sha1-ZfaPmj1tTVktKQSsMbP2IXDyPxg="],

    "@opentui/core-linux-x64-musl": ["@opentui/core-linux-x64-musl@0.5.8", "https://ms-feed-25.pkgs.visualstudio.com/1es-public/_packaging/npm-public/npm/registry/@opentui/core-linux-x64-musl/-/core-linux-x64-musl-0.5.8.tgz", { "os": "linux", "cpu": "x64" }, "sha1-uaOs0+47bCF1221mS9l5wjYINUs="],

    "@opentui/core-win32-arm64": ["@opentui/core-win32-arm64@0.5.8", "https://ms-feed-25.pkgs.visualstudio.com/1es-public/_packaging/npm-public/npm/registry/@opentui/core-win32-arm64/-/core-win32-arm64-0.5.8.tgz", { "os": "win32", "cpu": "arm64" }, "sha1-YnOmheYl+7vNsDY8ooL6EGq2WrI="],

    "@opentui/core-win32-x64": ["@opentui/core-win32-x64@0.5.8", "https://ms-feed-25.pkgs.visualstudio.com/1es-public/_packaging/npm-public/npm/registry/@opentui/core-win32-x64/-/core-win32-x64-0.5.8.tgz", { "os": "win32", "cpu": "x64" }, "sha1-GvSNEAb3kvI4V5UMu+9bGb9/Joo="],

    "@opentui/keymap": ["@opentui/keymap@0.5.8", "https://ms-feed-25.pkgs.visualstudio.com/1es-public/_packaging/npm-public/npm/registry/@opentui/keymap/-/keymap-0.5.8.tgz", { "dependencies": { "@opentui/core": "0.5.8" }, "peerDependencies": { "@opentui/react": "0.5.8", "@opentui/solid": "0.5.8", "react": ">=19.2.0", "solid-js": "1.9.12" }, "optionalPeers": ["@opentui/react", "@opentui/solid", "react", "solid-js"] }, "sha1-XjZUTGNMWry6YK/fHAqXoQrT7DY="],

    "@opentui/solid": ["@opentui/solid@0.5.8", "https://ms-feed-25.pkgs.visualstudio.com/1es-public/_packaging/npm-public/npm/registry/@opentui/solid/-/solid-0.5.8.tgz", { "dependencies": { "@babel/core": "7.28.0", "@babel/preset-typescript": "7.27.1", "@opentui/core": "0.5.8", "babel-plugin-module-resolver": "5.0.2", "babel-preset-solid": "1.9.12", "entities": "7.0.1", "s-js": "^0.4.9" }, "peerDependencies": { "solid-js": "1.9.12" } }, "sha1-+rt0gOksfJ7YJpCZCtLGv7RlvMg="],

    "@types/bun": ["@types/bun@1.4.2", "https://ms-feed-25.pkgs.visualstudio.com/1es-public/_packaging/npm-public/npm/registry/@types/bun/-/bun-1.4.2.tgz", { "dependencies": { "bun-types": "1.4.2" } }, "sha1-LmspxtSEaAufF35yJt8o+sStbZE="],

    "@types/node": ["@types/node@26.5.1", "https://ms-feed-25.pkgs.visualstudio.com/1es-public/_packaging/npm-public/npm/registry/@types/node/-/node-26.5.1.tgz", { "dependencies": { "undici-types": "~8.9.0" } }, "sha1-sZw5DhWBP0AqlLhuOvkEL3khOL4="],

    "ansi-regex": ["ansi-regex@6.3.0", "https://ms-feed-25.pkgs.visualstudio.com/1es-public/_packaging/npm-public/npm/registry/ansi-regex/-/ansi-regex-6.3.0.tgz", {}, "sha1-JHyOe3ChpDsQzhTAIm/L9Y6IFdU="],

    "babel-plugin-jsx-dom-expressions": ["babel-plugin-jsx-dom-expressions@0.40.10", "https://ms-feed-25.pkgs.visualstudio.com/1es-public/_packaging/npm-public/npm/registry/babel-plugin-jsx-dom-expressions/-/babel-plugin-jsx-dom-expressions-0.40.10.tgz", { "dependencies": { "@babel/helper-module-imports": "7.18.6", "@babel/plugin-syntax-jsx": "^7.18.6", "@babel/types": "^7.20.7", "html-entities": "2.3.3", "parse5": "^7.1.2" }, "peerDependencies": { "@babel/core": "^7.20.12" } }, "sha1-zDR0ixhVUfebN+npQh4nVv32JB4="],

    "babel-plugin-module-resolver": ["babel-plugin-module-resolver@5.0.2", "https://ms-feed-17.pkgs.visualstudio.com/1es-public/_packaging/npm-public/npm/registry/babel-plugin-module-resolver/-/babel-plugin-module-resolver-5.0.2.tgz", { "dependencies": { "find-babel-config": "^2.1.1", "glob": "^9.3.3", "pkg-up": "^3.1.0", "reselect": "^4.1.7", "resolve": "^1.22.8" } }, "sha1-zerF1KqjsI3RrCPdv1FmYO0tKT4="],

    "babel-preset-solid": ["babel-preset-solid@1.9.12", "https://ms-feed-25.pkgs.visualstudio.com/1es-public/_packaging/npm-public/npm/registry/babel-preset-solid/-/babel-preset-solid-1.9.12.tgz", { "dependencies": { "babel-plugin-jsx-dom-expressions": "^0.40.6" }, "peerDependencies": { "@babel/core": "^7.0.0", "solid-js": "^1.9.12" }, "optionalPeers": ["solid-js"] }, "sha1-9qCS9iBg8slH7ZpS2mN25zCsoPo="],

    "balanced-match": ["balanced-match@1.0.2", "https://ms-feed-25.pkgs.visualstudio.com/1es-public/_packaging/npm-public/npm/registry/balanced-match/-/balanced-match-1.0.2.tgz", {}, "sha1-6D46fj8wCzTLnYf2FfoMvzV2kO4="],

    "baseline-browser-mapping": ["baseline-browser-mapping@2.11.22", "https://ms-feed-25.pkgs.visualstudio.com/1es-public/_packaging/npm-public/npm/registry/baseline-browser-mapping/-/baseline-browser-mapping-2.11.22.tgz", { "bin": { "baseline-browser-mapping": "dist/cli.cjs" } }, "sha512-pWc4w51fBFd7mav43/zKRC+RI6f4yfzQoVlfvE8dECePyfkn1bzLp01Fj0QACcyCZyFhiEMyD2qScfKRWgWibA=="],

    "brace-expansion": ["brace-expansion@2.1.4", "https://ms-feed-25.pkgs.visualstudio.com/1es-public/_packaging/npm-public/npm/registry/brace-expansion/-/brace-expansion-2.1.4.tgz", { "dependencies": { "balanced-match": "^1.0.0" } }, "sha1-WJ2rEcABjQNmvmTNi/Esjb7MgyY="],

    "browserslist": ["browserslist@4.28.9", "https://ms-feed-25.pkgs.visualstudio.com/1es-public/_packaging/npm-public/npm/registry/browserslist/-/browserslist-4.28.9.tgz", { "dependencies": { "baseline-browser-mapping": "^2.11.20", "caniuse-lite": "^1.0.30001810", "electron-to-chromium": "^1.5.420", "node-releases": "^2.0.54", "update-browserslist-db": "^1.3.2" }, "bin": { "browserslist": "cli.js" } }, "sha1-B85rRJuQr4gOub+3zTk3LMT3HIw="],

    "bun-ffi-structs": ["bun-ffi-structs@0.3.1", "https://ms-feed-25.pkgs.visualstudio.com/1es-public/_packaging/npm-public/npm/registry/bun-ffi-structs/-/bun-ffi-structs-0.3.1.tgz", { "peerDependencies": { "typescript": "^5" } }, "sha1-ivLzUaUTEKhnPb5gww260R14puw="],

    "bun-types": ["bun-types@1.4.2", "https://ms-feed-25.pkgs.visualstudio.com/1es-public/_packaging/npm-public/npm/registry/bun-types/-/bun-types-1.4.2.tgz", { "dependencies": { "@types/node": "*" } }, "sha1-jyE7AmMYfkoSUgoG0ZWyGb+GhNk="],

    "caniuse-lite": ["caniuse-lite@1.0.30001810", "https://ms-feed-25.pkgs.visualstudio.com/1es-public/_packaging/npm-public/npm/registry/caniuse-lite/-/caniuse-lite-1.0.30001810.tgz", {}, "sha1-SXC0d96jJ4N03pvEOqj105/DzaI="],

    "convert-source-map": ["convert-source-map@2.0.0", "https://ms-feed-25.pkgs.visualstudio.com/1es-public/_packaging/npm-public/npm/registry/convert-source-map/-/convert-source-map-2.0.0.tgz", {}, "sha1-S1YPZJ/E6RjdCrdc9JYei8iC2Co="],

    "csstype": ["csstype@3.2.3", "https://ms-feed-25.pkgs.visualstudio.com/1es-public/_packaging/npm-public/npm/registry/csstype/-/csstype-3.2.3.tgz", {}, "sha1-7EjA8+mT5QZIyG2lWeJhCZXPmJo="],

    "debug": ["debug@4.4.3", "https://ms-feed-25.pkgs.visualstudio.com/1es-public/_packaging/npm-public/npm/registry/debug/-/debug-4.4.3.tgz", { "dependencies": { "ms": "^2.1.3" }, "peerDependencies": { "supports-color": "*" }, "optionalPeers": ["supports-color"] }, "sha1-xq5DLZvZZiWC/OCHCbA4xY6ePWo="],

    "diff": ["diff@9.0.0", "https://ms-feed-12.pkgs.visualstudio.com/1es-public/_packaging/npm-public/npm/registry/diff/-/diff-9.0.0.tgz", {}, "sha1-KXwxzXwoDxPf4zV5HsIGO9SnOm8="],

    "electron-to-chromium": ["electron-to-chromium@1.5.427", "https://ms-feed-25.pkgs.visualstudio.com/1es-public/_packaging/npm-public/npm/registry/electron-to-chromium/-/electron-to-chromium-1.5.427.tgz", {}, "sha512-n14zb3FdsChZ2BNobqNHAJMcP3ifFv4paox2LvCrfVAQcqGiSURgbJl+PfMpHVCNFkStnNc+RRVtPBTVW5PDgw=="],

    "emoji-regex": ["emoji-regex@10.6.0", "https://ms-feed-25.pkgs.visualstudio.com/1es-public/_packaging/npm-public/npm/registry/emoji-regex/-/emoji-regex-10.6.0.tgz", {}, "sha1-vz1uj3+P0ipl2XA0dbwBRzV6aw0="],

    "entities": ["entities@7.0.1", "https://ms-feed-25.pkgs.visualstudio.com/1es-public/_packaging/npm-public/npm/registry/entities/-/entities-7.0.1.tgz", {}, "sha1-JuioiInbY0F9y5oeeaPxvJK1l2s="],

    "es-errors": ["es-errors@1.3.0", "https://ms-feed-25.pkgs.visualstudio.com/1es-public/_packaging/npm-public/npm/registry/es-errors/-/es-errors-1.3.0.tgz", {}, "sha1-BfdaJdq5jk+x3NXhRywFRtUFfI8="],

    "escalade": ["escalade@3.2.0", "https://ms-feed-25.pkgs.visualstudio.com/1es-public/_packaging/npm-public/npm/registry/escalade/-/escalade-3.2.0.tgz", {}, "sha1-ARo/aYVroYnf+n3I/M6Z0qh5A+U="],

    "find-babel-config": ["find-babel-config@2.1.2", "https://ms-feed-25.pkgs.visualstudio.com/1es-public/_packaging/npm-public/npm/registry/find-babel-config/-/find-babel-config-2.1.2.tgz", { "dependencies": { "json5": "^2.2.3" } }, "sha1-KEGxv7u825ceHjnfjLxD2vqQFxY="],

    "find-up": ["find-up@3.0.0", "https://ms-feed-25.pkgs.visualstudio.com/1es-public/_packaging/npm-public/npm/registry/find-up/-/find-up-3.0.0.tgz", { "dependencies": { "locate-path": "^3.0.0" } }, "sha1-SRafHXmTQwZG2mHsxa41XCHJe3M="],

    "fs.realpath": ["fs.realpath@1.0.0", "https://ms-feed-25.pkgs.visualstudio.com/1es-public/_packaging/npm-public/npm/registry/fs.realpath/-/fs.realpath-1.0.0.tgz", {}, "sha1-FQStJSMVjKpA20onh8sBQRmU6k8="],

    "function-bind": ["function-bind@1.1.2", "https://ms-feed-25.pkgs.visualstudio.com/1es-public/_packaging/npm-public/npm/registry/function-bind/-/function-bind-1.1.2.tgz", {}, "sha1-LALYZNl/PqbIgwxGTL0Rq26rehw="],

    "gensync": ["gensync@1.0.0-beta.2", "https://ms-feed-25.pkgs.visualstudio.com/1es-public/_packaging/npm-public/npm/registry/gensync/-/gensync-1.0.0-beta.2.tgz", {}, "sha1-MqbudsPX9S1GsrGuXZP+qFgKJeA="],

    "get-east-asian-width": ["get-east-asian-width@1.6.0", "https://ms-feed-25.pkgs.visualstudio.com/1es-public/_packaging/npm-public/npm/registry/get-east-asian-width/-/get-east-asian-width-1.6.0.tgz", {}, "sha1-IWkA+R3xGossGYw+HZPWwDWndrk="],

    "glob": ["glob@9.3.5", "https://ms-feed-25.pkgs.visualstudio.com/1es-public/_packaging/npm-public/npm/registry/glob/-/glob-9.3.5.tgz", { "dependencies": { "fs.realpath": "^1.0.0", "minimatch": "^8.0.2", "minipass": "^4.2.4", "path-scurry": "^1.6.1" } }, "sha1-yi7YykUngaMAloVgf98CWomd/iE="],

    "hasown": ["hasown@2.0.4", "https://ms-feed-25.pkgs.visualstudio.com/1es-public/_packaging/npm-public/npm/registry/hasown/-/hasown-2.0.4.tgz", { "dependencies": { "function-bind": "^1.1.2" } }, "sha1-jGLYy5C+sqrV0KW2dYGtmFTD8AM="],

    "html-entities": ["html-entities@2.3.3", "https://ms-feed-17.pkgs.visualstudio.com/1es-public/_packaging/npm-public/npm/registry/html-entities/-/html-entities-2.3.3.tgz", {}, "sha1-EX12Jr7OMn/Iuqzoho+m9e+FbkY="],

    "is-core-module": ["is-core-module@2.16.2", "https://ms-feed-25.pkgs.visualstudio.com/1es-public/_packaging/npm-public/npm/registry/is-core-module/-/is-core-module-2.16.2.tgz", { "dependencies": { "hasown": "^2.0.3" } }, "sha1-PgdFCoCA684/vwysSU9NKrMk4II="],

    "js-tokens": ["js-tokens@4.0.0", "https://ms-feed-25.pkgs.visualstudio.com/1es-public/_packaging/npm-public/npm/registry/js-tokens/-/js-tokens-4.0.0.tgz", {}, "sha1-GSA/tZmR35jjoocFDUZHzerzJJk="],

    "jsesc": ["jsesc@3.1.0", "https://ms-feed-25.pkgs.visualstudio.com/1es-public/_packaging/npm-public/npm/registry/jsesc/-/jsesc-3.1.0.tgz", { "bin": { "jsesc": "bin/jsesc" } }, "sha1-dNM1ojT2ftGZB/2t+sfM+dQJgl0="],

    "json5": ["json5@2.2.3", "https://ms-feed-25.pkgs.visualstudio.com/1es-public/_packaging/npm-public/npm/registry/json5/-/json5-2.2.3.tgz", { "bin": { "json5": "lib/cli.js" } }, "sha1-eM1vGhm9wStz21rQxh79ZsHikoM="],

    "locate-path": ["locate-path@3.0.0", "https://ms-feed-25.pkgs.visualstudio.com/1es-public/_packaging/npm-public/npm/registry/locate-path/-/locate-path-3.0.0.tgz", { "dependencies": { "p-locate": "^3.0.0", "path-exists": "^3.0.0" } }, "sha1-2+w7OrdZdYBxtY/ln8QYca8hQA4="],

    "lru-cache": ["lru-cache@5.1.1", "https://ms-feed-25.pkgs.visualstudio.com/1es-public/_packaging/npm-public/npm/registry/lru-cache/-/lru-cache-5.1.1.tgz", { "dependencies": { "yallist": "^3.0.2" } }, "sha1-HaJ+ZxAnGUdpXa9oSOhH8B2EuSA="],

    "marked": ["marked@17.0.1", "https://ms-feed-2.pkgs.visualstudio.com/1es-public/_packaging/npm-public/npm/registry/marked/-/marked-17.0.1.tgz", { "bin": { "marked": "bin/marked.js" } }, "sha1-nbNBl6wUXlkpVy7knvcB437psuY="],

    "minimatch": ["minimatch@8.0.7", "https://ms-feed-25.pkgs.visualstudio.com/1es-public/_packaging/npm-public/npm/registry/minimatch/-/minimatch-8.0.7.tgz", { "dependencies": { "brace-expansion": "^2.0.1" } }, "sha1-lUdm4i2oij4KF62TtYwVydiled4="],

    "minipass": ["minipass@4.2.8", "https://ms-feed-25.pkgs.visualstudio.com/1es-public/_packaging/npm-public/npm/registry/minipass/-/minipass-4.2.8.tgz", {}, "sha1-8AEPZDk+z8HRzLX1gryvRfSOGjo="],

    "ms": ["ms@2.1.3", "https://ms-feed-25.pkgs.visualstudio.com/1es-public/_packaging/npm-public/npm/registry/ms/-/ms-2.1.3.tgz", {}, "sha1-V0yBOM4dK1hh8LRFedut1gxmFbI="],

    "node-releases": ["node-releases@2.0.55", "https://ms-feed-25.pkgs.visualstudio.com/1es-public/_packaging/npm-public/npm/registry/node-releases/-/node-releases-2.0.55.tgz", {}, "sha1-xS+u22gAHc/ndJW17RrFgnoXiPw="],

    "p-limit": ["p-limit@2.3.0", "https://ms-feed-25.pkgs.visualstudio.com/1es-public/_packaging/npm-public/npm/registry/p-limit/-/p-limit-2.3.0.tgz", { "dependencies": { "p-try": "^2.0.0" } }, "sha1-PdM8ZHohT9//2DWTPrCG2g3CHbE="],

    "p-locate": ["p-locate@3.0.0", "https://ms-feed-25.pkgs.visualstudio.com/1es-public/_packaging/npm-public/npm/registry/p-locate/-/p-locate-3.0.0.tgz", { "dependencies": { "p-limit": "^2.0.0" } }, "sha1-Mi1poFwCZLJZl9n0DNiokasAZKQ="],

    "p-try": ["p-try@2.2.0", "https://ms-feed-25.pkgs.visualstudio.com/1es-public/_packaging/npm-public/npm/registry/p-try/-/p-try-2.2.0.tgz", {}, "sha1-yyhoVA4xPWHeWPr741zpAE1VQOY="],

    "parse5": ["parse5@7.3.0", "https://ms-feed-25.pkgs.visualstudio.com/1es-public/_packaging/npm-public/npm/registry/parse5/-/parse5-7.3.0.tgz", { "dependencies": { "entities": "^6.0.0" } }, "sha1-1+Ik+nI5nHoXUJn0X8KtAksF7AU="],

    "path-exists": ["path-exists@3.0.0", "https://ms-feed-25.pkgs.visualstudio.com/1es-public/_packaging/npm-public/npm/registry/path-exists/-/path-exists-3.0.0.tgz", {}, "sha1-zg6+ql94yxiSXqfYENe1mwEP1RU="],

    "path-parse": ["path-parse@1.0.7", "https://ms-feed-25.pkgs.visualstudio.com/1es-public/_packaging/npm-public/npm/registry/path-parse/-/path-parse-1.0.7.tgz", {}, "sha1-+8EUtgykKzDZ2vWFjkvWi77bZzU="],

    "path-scurry": ["path-scurry@1.11.1", "https://ms-feed-25.pkgs.visualstudio.com/1es-public/_packaging/npm-public/npm/registry/path-scurry/-/path-scurry-1.11.1.tgz", { "dependencies": { "lru-cache": "^10.2.0", "minipass": "^5.0.0 || ^6.0.2 || ^7.0.0" } }, "sha1-eWCmaIiFlKByCxKpEdGnQqufEdI="],

    "picocolors": ["picocolors@1.1.1", "https://ms-feed-25.pkgs.visualstudio.com/1es-public/_packaging/npm-public/npm/registry/picocolors/-/picocolors-1.1.1.tgz", {}, "sha1-PTIa8+q5ObCDyPkpodEs2oHCa2s="],

    "pkg-up": ["pkg-up@3.1.0", "https://ms-feed-25.pkgs.visualstudio.com/1es-public/_packaging/npm-public/npm/registry/pkg-up/-/pkg-up-3.1.0.tgz", { "dependencies": { "find-up": "^3.0.0" } }, "sha1-EA7CNcwVDk/UJRlBJZaihRKg3vU="],

    "reselect": ["reselect@4.1.8", "https://ms-feed-25.pkgs.visualstudio.com/1es-public/_packaging/npm-public/npm/registry/reselect/-/reselect-4.1.8.tgz", {}, "sha1-P13GceoWjczes+FBI29p8C6uxSQ="],

    "resolve": ["resolve@1.22.12", "https://ms-feed-25.pkgs.visualstudio.com/1es-public/_packaging/npm-public/npm/registry/resolve/-/resolve-1.22.12.tgz", { "dependencies": { "es-errors": "^1.3.0", "is-core-module": "^2.16.1", "path-parse": "^1.0.7", "supports-preserve-symlinks-flag": "^1.0.0" }, "bin": { "resolve": "./bin/resolve" } }, "sha1-9bKmgIl8acI4oTzRaxVnH4tzVJ8="],

    "s-js": ["s-js@0.4.9", "https://ms-feed-25.pkgs.visualstudio.com/1es-public/_packaging/npm-public/npm/registry/s-js/-/s-js-0.4.9.tgz", {}, "sha1-7LEqUwchdNGsWPLqrVKcfilQzvI="],

    "semver": ["semver@6.3.1", "https://ms-feed-25.pkgs.visualstudio.com/1es-public/_packaging/npm-public/npm/registry/semver/-/semver-6.3.1.tgz", { "bin": { "semver": "./bin/semver.js" } }, "sha1-VW0u+GiRRuRtzqS/3QlfNDTf/LQ="],

    "seroval": ["seroval@1.5.6", "https://ms-feed-25.pkgs.visualstudio.com/1es-public/_packaging/npm-public/npm/registry/seroval/-/seroval-1.5.6.tgz", {}, "sha1-aNT2oFw73iXaquprciAUb/QjU8o="],

    "seroval-plugins": ["seroval-plugins@1.5.6", "https://ms-feed-25.pkgs.visualstudio.com/1es-public/_packaging/npm-public/npm/registry/seroval-plugins/-/seroval-plugins-1.5.6.tgz", { "peerDependencies": { "seroval": "^1.0" } }, "sha1-e8pJWs61skKLnLRLSwnmfC3hyUg="],

    "solid-js": ["solid-js@1.9.15", "https://ms-feed-25.pkgs.visualstudio.com/1es-public/_packaging/npm-public/npm/registry/solid-js/-/solid-js-1.9.15.tgz", { "dependencies": { "csstype": "^3.1.0", "seroval": "~1.5.4", "seroval-plugins": "~1.5.4" } }, "sha1-IJy9TgxxCNHpvRU36n+R4DJ3p2M="],

    "string-width": ["string-width@7.2.0", "https://ms-feed-2.pkgs.visualstudio.com/1es-public/_packaging/npm-public/npm/registry/string-width/-/string-width-7.2.0.tgz", { "dependencies": { "emoji-regex": "^10.3.0", "get-east-asian-width": "^1.0.0", "strip-ansi": "^7.1.0" } }, "sha1-tbuOIWXOJ11NQ0dt0nAK2Qkdttw="],

    "strip-ansi": ["strip-ansi@7.1.2", "https://ms-feed-25.pkgs.visualstudio.com/1es-public/_packaging/npm-public/npm/registry/strip-ansi/-/strip-ansi-7.1.2.tgz", { "dependencies": { "ansi-regex": "^6.0.1" } }, "sha1-Eyh1q95njH6o1pFTPy5+Irt0Tbo="],

    "supports-preserve-symlinks-flag": ["supports-preserve-symlinks-flag@1.0.0", "https://ms-feed-25.pkgs.visualstudio.com/1es-public/_packaging/npm-public/npm/registry/supports-preserve-symlinks-flag/-/supports-preserve-symlinks-flag-1.0.0.tgz", {}, "sha1-btpL00SjyUrqN21MwxvHcxEDngk="],

    "typescript": ["typescript@5.9.3", "https://ms-feed-25.pkgs.visualstudio.com/1es-public/_packaging/npm-public/npm/registry/typescript/-/typescript-5.9.3.tgz", { "bin": { "tsc": "./bin/tsc", "tsserver": "./bin/tsserver" } }, "sha1-W09Z4VMQqxeiFvXWz1PuR27eZw8="],

    "undici-types": ["undici-types@8.9.0", "https://ms-feed-25.pkgs.visualstudio.com/1es-public/_packaging/npm-public/npm/registry/undici-types/-/undici-types-8.9.0.tgz", {}, "sha1-4kDZfItdheU0fOc9JYZceQbB7J8="],

    "update-browserslist-db": ["update-browserslist-db@1.3.3", "https://ms-feed-25.pkgs.visualstudio.com/1es-public/_packaging/npm-public/npm/registry/update-browserslist-db/-/update-browserslist-db-1.3.3.tgz", { "dependencies": { "escalade": "^3.2.0", "picocolors": "^1.1.1" }, "peerDependencies": { "browserslist": ">= 4.21.0" }, "bin": { "update-browserslist-db": "cli.js" } }, "sha512-pJ2sYawQS0R/WI928Gj5GlPhTGzbMelq0+4INtSYNDV9ErKJcX6xjGWkoG/VnB3dpUm00zALaqkrUD77pO5TDQ=="],

    "web-tree-sitter": ["web-tree-sitter@0.25.10", "https://ms-feed-17.pkgs.visualstudio.com/1es-public/_packaging/npm-public/npm/registry/web-tree-sitter/-/web-tree-sitter-0.25.10.tgz", { "peerDependencies": { "@types/emscripten": "^1.40.0" }, "optionalPeers": ["@types/emscripten"] }, "sha1-sh8d96qoetI1tMPQcAUWg0lJZwY="],

    "yallist": ["yallist@3.1.1", "https://ms-feed-25.pkgs.visualstudio.com/1es-public/_packaging/npm-public/npm/registry/yallist/-/yallist-3.1.1.tgz", {}, "sha1-27fa+b/YusmrRev2ArjLrQ1dCP0="],

    "babel-plugin-jsx-dom-expressions/@babel/helper-module-imports": ["@babel/helper-module-imports@7.18.6", "https://ms-feed-25.pkgs.visualstudio.com/1es-public/_packaging/npm-public/npm/registry/@babel/helper-module-imports/-/helper-module-imports-7.18.6.tgz", { "dependencies": { "@babel/types": "^7.18.6" } }, "sha1-Hj69u9CKrRQ3tCjFAgTbE8Wjym4="],

    "parse5/entities": ["entities@6.0.1", "https://ms-feed-25.pkgs.visualstudio.com/1es-public/_packaging/npm-public/npm/registry/entities/-/entities-6.0.1.tgz", {}, "sha1-wow0pDN5yn9h0HQTCy9fcCCjBpQ="],

    "path-scurry/lru-cache": ["lru-cache@10.4.3", "https://ms-feed-25.pkgs.visualstudio.com/1es-public/_packaging/npm-public/npm/registry/lru-cache/-/lru-cache-10.4.3.tgz", {}, "sha1-QQ/IoXtw5ZgBPfJXwkRrfzOD8Rk="],

    "path-scurry/minipass": ["minipass@7.1.3", "https://ms-feed-25.pkgs.visualstudio.com/1es-public/_packaging/npm-public/npm/registry/minipass/-/minipass-7.1.3.tgz", {}, "sha1-eTibTrG7LQA6m7qH1JLyvTe9xls="],
  }
}
